
Microsoft Visual Studio Solution File, Format Version 12.00
# Visual Studio Version 16
VisualStudioVersion = 16.0.30503.244
MinimumVisualStudioVersion = 10.0.40219.1
Project("{F184B08F-C81C-45F6-A57F-5ABD9991F28F}") = "ReflectionDataBuilder", "ReflectionDataBuilder\ReflectionDataBuilder.vbproj", "{1686E23B-045B-42E9-B3DA-E27CABF27F53}"
EndProject
Project("{9A19103F-16F7-4668-BE54-9A1E7A4F7556}") = "DotNetLib", "DotNetLib\DotNetLib.csproj", "{404C9B89-CD76-45DC-831A-9D7FD6470FD3}"
EndProject
Project("{FAE04EC0-301F-11D3-BF4B-00C04F79EFBC}") = "DotNetLib.Framework", "DotNetLib.Framework\DotNetLib.Framework.csproj", "{81FD14DA-69CF-4DED-9795-0E60F6D5C1AA}"
EndProject
Project("{8BC9CEB8-8B4A-11D0-8D11-00A0C91BC942}") = "netcore2cpp", "netcore2cpp.vcxproj", "{B1794EB9-E299-40BF-9B29-7A00A3D483AB}"
EndProject
Global
	GlobalSection(SolutionConfigurationPlatforms) = preSolution
		Debug|Any CPU = Debug|Any CPU
		Debug|ARM = Debug|ARM
		Debug|ARM64 = Debug|ARM64
		Debug|x64 = Debug|x64
		Debug|x86 = Debug|x86
		Release|Any CPU = Release|Any CPU
		Release|ARM = Release|ARM
		Release|ARM64 = Release|ARM64
		Release|x64 = Release|x64
		Release|x86 = Release|x86
	EndGlobalSection
	GlobalSection(ProjectConfigurationPlatforms) = postSolution
		{1686E23B-045B-42E9-B3DA-E27CABF27F53}.Debug|Any CPU.ActiveCfg = Debug|Any CPU
		{1686E23B-045B-42E9-B3DA-E27CABF27F53}.Debug|Any CPU.Build.0 = Debug|Any CPU
		{1686E23B-045B-42E9-B3DA-E27CABF27F53}.Debug|ARM.ActiveCfg = Debug|Any CPU
		{1686E23B-045B-42E9-B3DA-E27CABF27F53}.Debug|ARM.Build.0 = Debug|Any CPU
		{1686E23B-045B-42E9-B3DA-E27CABF27F53}.Debug|ARM64.ActiveCfg = Debug|Any CPU
		{1686E23B-045B-42E9-B3DA-E27CABF27F53}.Debug|ARM64.Build.0 = Debug|Any CPU
		{1686E23B-045B-42E9-B3DA-E27CABF27F53}.Debug|x64.ActiveCfg = Debug|Any CPU
		{1686E23B-045B-42E9-B3DA-E27CABF27F53}.Debug|x64.Build.0 = Debug|Any CPU
		{1686E23B-045B-42E9-B3DA-E27CABF27F53}.Debug|x86.ActiveCfg = Debug|Any CPU
		{1686E23B-045B-42E9-B3DA-E27CABF27F53}.Debug|x86.Build.0 = Debug|Any CPU
		{1686E23B-045B-42E9-B3DA-E27CABF27F53}.Release|Any CPU.ActiveCfg = Release|Any CPU
		{1686E23B-045B-42E9-B3DA-E27CABF27F53}.Release|Any CPU.Build.0 = Release|Any CPU
		{1686E23B-045B-42E9-B3DA-E27CABF27F53}.Release|ARM.ActiveCfg = Release|Any CPU
		{1686E23B-045B-42E9-B3DA-E27CABF27F53}.Release|ARM.Build.0 = Release|Any CPU
		{1686E23B-045B-42E9-B3DA-E27CABF27F53}.Release|ARM64.ActiveCfg = Release|Any CPU
		{1686E23B-045B-42E9-B3DA-E27CABF27F53}.Release|ARM64.Build.0 = Release|Any CPU
		{1686E23B-045B-42E9-B3DA-E27CABF27F53}.Release|x64.ActiveCfg = Release|Any CPU
		{1686E23B-045B-42E9-B3DA-E27CABF27F53}.Release|x64.Build.0 = Release|Any CPU
		{1686E23B-045B-42E9-B3DA-E27CABF27F53}.Release|x86.ActiveCfg = Release|Any CPU
		{1686E23B-045B-42E9-B3DA-E27CABF27F53}.Release|x86.Build.0 = Release|Any CPU
		{404C9B89-CD76-45DC-831A-9D7FD6470FD3}.Debug|Any CPU.ActiveCfg = Debug|Any CPU
		{404C9B89-CD76-45DC-831A-9D7FD6470FD3}.Debug|Any CPU.Build.0 = Debug|Any CPU
		{404C9B89-CD76-45DC-831A-9D7FD6470FD3}.Debug|ARM.ActiveCfg = Debug|Any CPU
		{404C9B89-CD76-45DC-831A-9D7FD6470FD3}.Debug|ARM.Build.0 = Debug|Any CPU
		{404C9B89-CD76-45DC-831A-9D7FD6470FD3}.Debug|ARM64.ActiveCfg = Debug|Any CPU
		{404C9B89-CD76-45DC-831A-9D7FD6470FD3}.Debug|ARM64.Build.0 = Debug|Any CPU
		{404C9B89-CD76-45DC-831A-9D7FD6470FD3}.Debug|x64.ActiveCfg = Debug|Any CPU
		{404C9B89-CD76-45DC-831A-9D7FD6470FD3}.Debug|x64.Build.0 = Debug|Any CPU
		{404C9B89-CD76-45DC-831A-9D7FD6470FD3}.Debug|x86.ActiveCfg = Debug|Any CPU
		{404C9B89-CD76-45DC-831A-9D7FD6470FD3}.Debug|x86.Build.0 = Debug|Any CPU
		{404C9B89-CD76-45DC-831A-9D7FD6470FD3}.Release|Any CPU.ActiveCfg = Release|Any CPU
		{404C9B89-CD76-45DC-831A-9D7FD6470FD3}.Release|Any CPU.Build.0 = Release|Any CPU
		{404C9B89-CD76-45DC-831A-9D7FD6470FD3}.Release|ARM.ActiveCfg = Release|Any CPU
		{404C9B89-CD76-45DC-831A-9D7FD6470FD3}.Release|ARM.Build.0 = Release|Any CPU
		{404C9B89-CD76-45DC-831A-9D7FD6470FD3}.Release|ARM64.ActiveCfg = Release|Any CPU
		{404C9B89-CD76-45DC-831A-9D7FD6470FD3}.Release|ARM64.Build.0 = Release|Any CPU
		{404C9B89-CD76-45DC-831A-9D7FD6470FD3}.Release|x64.ActiveCfg = Release|Any CPU
		{404C9B89-CD76-45DC-831A-9D7FD6470FD3}.Release|x64.Build.0 = Release|Any CPU
		{404C9B89-CD76-45DC-831A-9D7FD6470FD3}.Release|x86.ActiveCfg = Release|Any CPU
		{404C9B89-CD76-45DC-831A-9D7FD6470FD3}.Release|x86.Build.0 = Release|Any CPU
		{81FD14DA-69CF-4DED-9795-0E60F6D5C1AA}.Debug|Any CPU.ActiveCfg = Debug|Any CPU
		{81FD14DA-69CF-4DED-9795-0E60F6D5C1AA}.Debug|Any CPU.Build.0 = Debug|Any CPU
		{81FD14DA-69CF-4DED-9795-0E60F6D5C1AA}.Debug|ARM.ActiveCfg = Debug|Any CPU
		{81FD14DA-69CF-4DED-9795-0E60F6D5C1AA}.Debug|ARM.Build.0 = Debug|Any CPU
		{81FD14DA-69CF-4DED-9795-0E60F6D5C1AA}.Debug|ARM64.ActiveCfg = Debug|Any CPU
		{81FD14DA-69CF-4DED-9795-0E60F6D5C1AA}.Debug|ARM64.Build.0 = Debug|Any CPU
		{81FD14DA-69CF-4DED-9795-0E60F6D5C1AA}.Debug|x64.ActiveCfg = Debug|Any CPU
		{81FD14DA-69CF-4DED-9795-0E60F6D5C1AA}.Debug|x64.Build.0 = Debug|Any CPU
		{81FD14DA-69CF-4DED-9795-0E60F6D5C1AA}.Debug|x86.ActiveCfg = Debug|Any CPU
		{81FD14DA-69CF-4DED-9795-0E60F6D5C1AA}.Debug|x86.Build.0 = Debug|Any CPU
		{81FD14DA-69CF-4DED-9795-0E60F6D5C1AA}.Release|Any CPU.ActiveCfg = Release|Any CPU
		{81FD14DA-69CF-4DED-9795-0E60F6D5C1AA}.Release|Any CPU.Build.0 = Release|Any CPU
		{81FD14DA-69CF-4DED-9795-0E60F6D5C1AA}.Release|ARM.ActiveCfg = Release|Any CPU
		{81FD14DA-69CF-4DED-9795-0E60F6D5C1AA}.Release|ARM.Build.0 = Release|Any CPU
		{81FD14DA-69CF-4DED-9795-0E60F6D5C1AA}.Release|ARM64.ActiveCfg = Release|Any CPU
		{81FD14DA-69CF-4DED-9795-0E60F6D5C1AA}.Release|ARM64.Build.0 = Release|Any CPU
		{81FD14DA-69CF-4DED-9795-0E60F6D5C1AA}.Release|x64.ActiveCfg = Release|Any CPU
		{81FD14DA-69CF-4DED-9795-0E60F6D5C1AA}.Release|x64.Build.0 = Release|Any CPU
		{81FD14DA-69CF-4DED-9795-0E60F6D5C1AA}.Release|x86.ActiveCfg = Release|Any CPU
		{81FD14DA-69CF-4DED-9795-0E60F6D5C1AA}.Release|x86.Build.0 = Release|Any CPU
		{B1794EB9-E299-40BF-9B29-7A00A3D483AB}.Debug|Any CPU.ActiveCfg = Debug|ARM
		{B1794EB9-E299-40BF-9B29-7A00A3D483AB}.Debug|Any CPU.Build.0 = Debug|ARM
		{B1794EB9-E299-40BF-9B29-7A00A3D483AB}.Debug|Any CPU.Deploy.0 = Debug|ARM
		{B1794EB9-E299-40BF-9B29-7A00A3D483AB}.Debug|ARM.ActiveCfg = Debug|ARM
		{B1794EB9-E299-40BF-9B29-7A00A3D483AB}.Debug|ARM.Build.0 = Debug|ARM
		{B1794EB9-E299-40BF-9B29-7A00A3D483AB}.Debug|ARM.Deploy.0 = Debug|ARM
		{B1794EB9-E299-40BF-9B29-7A00A3D483AB}.Debug|ARM64.ActiveCfg = Debug|ARM64
		{B1794EB9-E299-40BF-9B29-7A00A3D483AB}.Debug|ARM64.Build.0 = Debug|ARM64
		{B1794EB9-E299-40BF-9B29-7A00A3D483AB}.Debug|ARM64.Deploy.0 = Debug|ARM64
		{B1794EB9-E299-40BF-9B29-7A00A3D483AB}.Debug|x64.ActiveCfg = Debug|x64
		{B1794EB9-E299-40BF-9B29-7A00A3D483AB}.Debug|x64.Build.0 = Debug|x64
		{B1794EB9-E299-40BF-9B29-7A00A3D483AB}.Debug|x64.Deploy.0 = Debug|x64
		{B1794EB9-E299-40BF-9B29-7A00A3D483AB}.Debug|x86.ActiveCfg = Debug|x86
		{B1794EB9-E299-40BF-9B29-7A00A3D483AB}.Debug|x86.Build.0 = Debug|x86
		{B1794EB9-E299-40BF-9B29-7A00A3D483AB}.Debug|x86.Deploy.0 = Debug|x86
		{B1794EB9-E299-40BF-9B29-7A00A3D483AB}.Release|Any CPU.ActiveCfg = Release|x86
		{B1794EB9-E299-40BF-9B29-7A00A3D483AB}.Release|ARM.ActiveCfg = Release|ARM
		{B1794EB9-E299-40BF-9B29-7A00A3D483AB}.Release|ARM.Build.0 = Release|ARM
		{B1794EB9-E299-40BF-9B29-7A00A3D483AB}.Release|ARM.Deploy.0 = Release|ARM
		{B1794EB9-E299-40BF-9B29-7A00A3D483AB}.Release|ARM64.ActiveCfg = Release|ARM64
		{B1794EB9-E299-40BF-9B29-7A00A3D483AB}.Release|ARM64.Build.0 = Release|ARM64
		{B1794EB9-E299-40BF-9B29-7A00A3D483AB}.Release|ARM64.Deploy.0 = Release|ARM64
		{B1794EB9-E299-40BF-9B29-7A00A3D483AB}.Release|x64.ActiveCfg = Release|x64
		{B1794EB9-E299-40BF-9B29-7A00A3D483AB}.Release|x64.Build.0 = Release|x64
		{B1794EB9-E299-40BF-9B29-7A00A3D483AB}.Release|x64.Deploy.0 = Release|x64
		{B1794EB9-E299-40BF-9B29-7A00A3D483AB}.Release|x86.ActiveCfg = Release|x86
		{B1794EB9-E299-40BF-9B29-7A00A3D483AB}.Release|x86.Build.0 = Release|x86
		{B1794EB9-E299-40BF-9B29-7A00A3D483AB}.Release|x86.Deploy.0 = Release|x86
	EndGlobalSection
	GlobalSection(SolutionProperties) = preSolution
		HideSolutionNode = FALSE
	EndGlobalSection
	GlobalSection(ExtensibilityGlobals) = postSolution
		SolutionGuid = {D74752DA-05A6-4102-BF58-B9D8664766F0}
	EndGlobalSection
EndGlobal
